# THIS IS AN AUTOGENERATED FILE. DO NOT EDIT THIS FILE DIRECTLY.
# yarn lockfile v1


"@bazel/ibazel@0.14.0":
  version "0.14.0"
  resolved "https://registry.yarnpkg.com/@bazel/ibazel/-/ibazel-0.14.0.tgz#86fa0002bed2ce1123b7ad98d4dd4623a0d93244"
  integrity sha512-s0gyec6lArcRDwVfIP6xpY8iEaFpzrSpyErSppd3r2O49pOEg7n6HGS/qJ8ncvme56vrDk6crl/kQ6VAdEO+rg==

bootstrap@4.5.3:
  version "4.5.3"
  resolved "https://registry.yarnpkg.com/bootstrap/-/bootstrap-4.5.3.tgz#c6a72b355aaf323920be800246a6e4ef30997fe6"
  integrity sha512-o9ppKQioXGqhw8Z7mah6KdTYpNQY//tipnkxppWhPbiSWdD+1raYsnhwEZjkTHYbGee4cVQ0Rx65EhOY/HNLcQ==

property-expr@2.0.2:
  version "2.0.2"
  resolved "https://registry.yarnpkg.com/property-expr/-/property-expr-2.0.2.tgz#fff2a43919135553a3bc2fdd94bdb841965b2330"
  integrity sha512-bc/5ggaYZxNkFKj374aLbEDqVADdYaLcFo8XBkishUWbaAdjlphaBFns9TvRA2pUseVL/wMFmui9X3IdNDU37g==

svelte-forms-lib@1.2.2:
  version "1.2.2"
  resolved "https://registry.yarnpkg.com/svelte-forms-lib/-/svelte-forms-lib-1.2.2.tgz#7c69990d03b8dc3c3b41eb69edd09f446e10cfb0"
  integrity sha512-c9qB7QTezCq5I8HHK03wdOIP/fIxCrNJQhjbiJGJ1PQHqpsHIUcf4hk5SxTjhjocoWM24NsMgA+51IInz+Bjtg==
  dependencies:
    property-expr "2.0.2"

svelte-routing@1.4.2:
  version "1.4.2"
  resolved "https://registry.yarnpkg.com/svelte-routing/-/svelte-routing-1.4.2.tgz#291160b537c9c73e711731eb099c48bb24cc3419"
  integrity sha512-CSCKRLeOp9vjsDGGOEgL9DPm9HZLgZuTNehyTCl3K+6fCVH1Aw/K/WicavAVNcbsHmdR4wgF//0YVR9hrcdvGA==
